
Microsoft Visual Studio Solution File, Format Version 12.00
Project("{FAE04EC0-301F-11D3-BF4B-00C04F79EFBC}") = "AbstractFactory", "AbstractFactory\AbstractFactory.csproj", "{DB883562-3CF4-49DE-978A-1980C6B593FF}"
EndProject
Project("{2150E333-8FDC-42A3-9474-1A3956D46DE8}") = "src", "src", "{B4C179A1-2FAC-4C53-A2D8-ED34505FD043}"
EndProject
Project("{FAE04EC0-301F-11D3-BF4B-00C04F79EFBC}") = "Adapter", "Adapter\Adapter.csproj", "{3EF6600C-3CC3-422A-B941-A27138BF5868}"
EndProject
Project("{FAE04EC0-301F-11D3-BF4B-00C04F79EFBC}") = "Bridge", "Bridge\Bridge.csproj", "{037D3D2C-D012-4D15-9906-6D5B68072838}"
EndProject
Project("{FAE04EC0-301F-11D3-BF4B-00C04F79EFBC}") = "Bridge.Exercise", "Bridge.Exercise\Bridge.Exercise.csproj", "{CDB9BEA0-F0D2-43F8-8B2F-8F386F02F671}"
EndProject
Project("{FAE04EC0-301F-11D3-BF4B-00C04F79EFBC}") = "Composite", "Composite\Composite.csproj", "{78FE5BDC-9FF1-48A2-89C4-A05CCDAF6212}"
EndProject
Project("{FAE04EC0-301F-11D3-BF4B-00C04F79EFBC}") = "Composite.Exercise", "Composite.Exercise\Composite.Exercise.csproj", "{9C01DFF8-210E-4F9C-8CEF-A90984760B71}"
EndProject
Project("{FAE04EC0-301F-11D3-BF4B-00C04F79EFBC}") = "Decorator", "Decorator\Decorator.csproj", "{9868DC99-BCCA-411F-84E2-3C977CA692F9}"
EndProject
Project("{FAE04EC0-301F-11D3-BF4B-00C04F79EFBC}") = "DI", "DI\DI.csproj", "{1B5B0EE4-B3A5-469E-896D-A272C61081EC}"
EndProject
Project("{FAE04EC0-301F-11D3-BF4B-00C04F79EFBC}") = "Facade", "Facade\Facade.csproj", "{7DE9F526-3472-4890-92DD-640B9B97B30C}"
EndProject
Project("{FAE04EC0-301F-11D3-BF4B-00C04F79EFBC}") = "IRP", "IRP\IRP.csproj", "{4912CEB5-69AB-4067-85DD-CBEEF9AB6EF7}"
EndProject
Project("{FAE04EC0-301F-11D3-BF4B-00C04F79EFBC}") = "LSP", "LSP\LSP.csproj", "{FD9E5E29-2F9D-471F-83FC-BCEBA131793D}"
EndProject
Project("{FAE04EC0-301F-11D3-BF4B-00C04F79EFBC}") = "OCP", "OCP\OCP.csproj", "{C500ABCD-A162-437C-8580-E72FD57D3220}"
EndProject
Project("{FAE04EC0-301F-11D3-BF4B-00C04F79EFBC}") = "Prototype", "Prototype\Prototype.csproj", "{3FA960BB-17E9-41B5-AA7A-472EBDE1E4ED}"
EndProject
Project("{2150E333-8FDC-42A3-9474-1A3956D46DE8}") = "Proxies", "Proxies", "{91F29A2F-9E26-41C6-B903-8D9537644895}"
EndProject
Project("{FAE04EC0-301F-11D3-BF4B-00C04F79EFBC}") = "ProtectiveProxy", "Proxy\ProtectiveProxy\ProtectiveProxy.csproj", "{EA86AE09-8742-47F1-99AB-E18F5B288963}"
EndProject
Project("{FAE04EC0-301F-11D3-BF4B-00C04F79EFBC}") = "Proxy", "Proxy\Proxy\Proxy.csproj", "{A0C3F8BC-6603-47CF-AE04-95D84AD76CD7}"
EndProject
Project("{FAE04EC0-301F-11D3-BF4B-00C04F79EFBC}") = "VirtualProxy", "Proxy\VirtualProxy\VirtualProxy.csproj", "{DFA1D0F9-02F2-4A54-88ED-198E2240410C}"
EndProject
Project("{2150E333-8FDC-42A3-9474-1A3956D46DE8}") = "Singletons", "Singletons", "{B39C70F2-D18D-47D9-B626-F93148909BBD}"
EndProject
Project("{FAE04EC0-301F-11D3-BF4B-00C04F79EFBC}") = "Multiton", "Singleton\Multiton\Multiton.csproj", "{9F2AF03A-59E8-42CC-8BE3-F600F05C2738}"
EndProject
Project("{FAE04EC0-301F-11D3-BF4B-00C04F79EFBC}") = "Singleton", "Singleton\Singleton\Singleton.csproj", "{3031E6C0-2B17-4C5E-B7B8-C7510190210F}"
EndProject
Project("{FAE04EC0-301F-11D3-BF4B-00C04F79EFBC}") = "SingletonDatabase.Tests", "Singleton\SingletonDatabase.Tests\SingletonDatabase.Tests.csproj", "{2B100636-0D21-4774-8B1A-BBB0CBCBEC59}"
EndProject
Project("{FAE04EC0-301F-11D3-BF4B-00C04F79EFBC}") = "SRP", "SRP\SRP.csproj", "{D08D3D5E-0978-4C2F-BF3F-6921BF8B3DD7}"
EndProject
Project("{2150E333-8FDC-42A3-9474-1A3956D46DE8}") = "Strategies", "Strategies", "{794013E6-7126-4B94-84E1-C1D066C979F6}"
EndProject
Project("{FAE04EC0-301F-11D3-BF4B-00C04F79EFBC}") = "RuntimeStrategy", "Strategy\RuntimeStrategy\RuntimeStrategy.csproj", "{C9861335-6CD9-4F8F-B687-0CDE41F8135C}"
EndProject
Project("{FAE04EC0-301F-11D3-BF4B-00C04F79EFBC}") = "StaticStrategy", "Strategy\StaticStrategy\StaticStrategy.csproj", "{A4DB2354-3FD2-4346-B4B8-75D80947FB22}"
EndProject
Project("{FAE04EC0-301F-11D3-BF4B-00C04F79EFBC}") = "Strategies.Shared", "Strategy\Strategies.Shared\Strategies.Shared.csproj", "{65595840-ACA4-4A62-B8B5-E936E8EEC292}"
EndProject
Project("{FAE04EC0-301F-11D3-BF4B-00C04F79EFBC}") = "TemplateMethod", "TemplateMethod\TemplateMethod.csproj", "{E903A96C-E98C-4DFE-84F1-2224CFEF76B0}"
EndProject
Project("{FAE04EC0-301F-11D3-BF4B-00C04F79EFBC}") = "NullObject", "NullObject\NullObject.csproj", "{937E05C2-1BC1-4BBE-9A17-F7D0404835B7}"
EndProject
Project("{FAE04EC0-301F-11D3-BF4B-00C04F79EFBC}") = "Iterator", "Iterator\Iterator.csproj", "{6C8454C2-36BB-4AF0-AE1D-902E4B3AD59F}"
EndProject
Project("{2150E333-8FDC-42A3-9474-1A3956D46DE8}") = "Decorators", "Decorators", "{36E1CE10-F8AB-4D49-8184-8975810EBBB0}"
EndProject
Project("{FAE04EC0-301F-11D3-BF4B-00C04F79EFBC}") = "DynamicDecorator", "DynamicDecorator\DynamicDecorator.csproj", "{6B8BADF0-15D3-4725-837E-41B1DA00E2D3}"
EndProject
Global
	GlobalSection(SolutionConfigurationPlatforms) = preSolution
		Debug|Any CPU = Debug|Any CPU
		Release|Any CPU = Release|Any CPU
	EndGlobalSection
	GlobalSection(ProjectConfigurationPlatforms) = postSolution
		{DB883562-3CF4-49DE-978A-1980C6B593FF}.Debug|Any CPU.ActiveCfg = Debug|Any CPU
		{DB883562-3CF4-49DE-978A-1980C6B593FF}.Debug|Any CPU.Build.0 = Debug|Any CPU
		{DB883562-3CF4-49DE-978A-1980C6B593FF}.Release|Any CPU.ActiveCfg = Release|Any CPU
		{DB883562-3CF4-49DE-978A-1980C6B593FF}.Release|Any CPU.Build.0 = Release|Any CPU
		{3EF6600C-3CC3-422A-B941-A27138BF5868}.Debug|Any CPU.ActiveCfg = Debug|Any CPU
		{3EF6600C-3CC3-422A-B941-A27138BF5868}.Debug|Any CPU.Build.0 = Debug|Any CPU
		{3EF6600C-3CC3-422A-B941-A27138BF5868}.Release|Any CPU.ActiveCfg = Release|Any CPU
		{3EF6600C-3CC3-422A-B941-A27138BF5868}.Release|Any CPU.Build.0 = Release|Any CPU
		{037D3D2C-D012-4D15-9906-6D5B68072838}.Debug|Any CPU.ActiveCfg = Debug|Any CPU
		{037D3D2C-D012-4D15-9906-6D5B68072838}.Debug|Any CPU.Build.0 = Debug|Any CPU
		{037D3D2C-D012-4D15-9906-6D5B68072838}.Release|Any CPU.ActiveCfg = Release|Any CPU
		{037D3D2C-D012-4D15-9906-6D5B68072838}.Release|Any CPU.Build.0 = Release|Any CPU
		{CDB9BEA0-F0D2-43F8-8B2F-8F386F02F671}.Debug|Any CPU.ActiveCfg = Debug|Any CPU
		{CDB9BEA0-F0D2-43F8-8B2F-8F386F02F671}.Debug|Any CPU.Build.0 = Debug|Any CPU
		{CDB9BEA0-F0D2-43F8-8B2F-8F386F02F671}.Release|Any CPU.ActiveCfg = Release|Any CPU
		{CDB9BEA0-F0D2-43F8-8B2F-8F386F02F671}.Release|Any CPU.Build.0 = Release|Any CPU
		{78FE5BDC-9FF1-48A2-89C4-A05CCDAF6212}.Debug|Any CPU.ActiveCfg = Debug|Any CPU
		{78FE5BDC-9FF1-48A2-89C4-A05CCDAF6212}.Debug|Any CPU.Build.0 = Debug|Any CPU
		{78FE5BDC-9FF1-48A2-89C4-A05CCDAF6212}.Release|Any CPU.ActiveCfg = Release|Any CPU
		{78FE5BDC-9FF1-48A2-89C4-A05CCDAF6212}.Release|Any CPU.Build.0 = Release|Any CPU
		{9C01DFF8-210E-4F9C-8CEF-A90984760B71}.Debug|Any CPU.ActiveCfg = Debug|Any CPU
		{9C01DFF8-210E-4F9C-8CEF-A90984760B71}.Debug|Any CPU.Build.0 = Debug|Any CPU
		{9C01DFF8-210E-4F9C-8CEF-A90984760B71}.Release|Any CPU.ActiveCfg = Release|Any CPU
		{9C01DFF8-210E-4F9C-8CEF-A90984760B71}.Release|Any CPU.Build.0 = Release|Any CPU
		{9868DC99-BCCA-411F-84E2-3C977CA692F9}.Debug|Any CPU.ActiveCfg = Debug|Any CPU
		{9868DC99-BCCA-411F-84E2-3C977CA692F9}.Debug|Any CPU.Build.0 = Debug|Any CPU
		{9868DC99-BCCA-411F-84E2-3C977CA692F9}.Release|Any CPU.ActiveCfg = Release|Any CPU
		{9868DC99-BCCA-411F-84E2-3C977CA692F9}.Release|Any CPU.Build.0 = Release|Any CPU
		{1B5B0EE4-B3A5-469E-896D-A272C61081EC}.Debug|Any CPU.ActiveCfg = Debug|Any CPU
		{1B5B0EE4-B3A5-469E-896D-A272C61081EC}.Debug|Any CPU.Build.0 = Debug|Any CPU
		{1B5B0EE4-B3A5-469E-896D-A272C61081EC}.Release|Any CPU.ActiveCfg = Release|Any CPU
		{1B5B0EE4-B3A5-469E-896D-A272C61081EC}.Release|Any CPU.Build.0 = Release|Any CPU
		{7DE9F526-3472-4890-92DD-640B9B97B30C}.Debug|Any CPU.ActiveCfg = Debug|Any CPU
		{7DE9F526-3472-4890-92DD-640B9B97B30C}.Debug|Any CPU.Build.0 = Debug|Any CPU
		{7DE9F526-3472-4890-92DD-640B9B97B30C}.Release|Any CPU.ActiveCfg = Release|Any CPU
		{7DE9F526-3472-4890-92DD-640B9B97B30C}.Release|Any CPU.Build.0 = Release|Any CPU
		{4912CEB5-69AB-4067-85DD-CBEEF9AB6EF7}.Debug|Any CPU.ActiveCfg = Debug|Any CPU
		{4912CEB5-69AB-4067-85DD-CBEEF9AB6EF7}.Debug|Any CPU.Build.0 = Debug|Any CPU
		{4912CEB5-69AB-4067-85DD-CBEEF9AB6EF7}.Release|Any CPU.ActiveCfg = Release|Any CPU
		{4912CEB5-69AB-4067-85DD-CBEEF9AB6EF7}.Release|Any CPU.Build.0 = Release|Any CPU
		{FD9E5E29-2F9D-471F-83FC-BCEBA131793D}.Debug|Any CPU.ActiveCfg = Debug|Any CPU
		{FD9E5E29-2F9D-471F-83FC-BCEBA131793D}.Debug|Any CPU.Build.0 = Debug|Any CPU
		{FD9E5E29-2F9D-471F-83FC-BCEBA131793D}.Release|Any CPU.ActiveCfg = Release|Any CPU
		{FD9E5E29-2F9D-471F-83FC-BCEBA131793D}.Release|Any CPU.Build.0 = Release|Any CPU
		{C500ABCD-A162-437C-8580-E72FD57D3220}.Debug|Any CPU.ActiveCfg = Debug|Any CPU
		{C500ABCD-A162-437C-8580-E72FD57D3220}.Debug|Any CPU.Build.0 = Debug|Any CPU
		{C500ABCD-A162-437C-8580-E72FD57D3220}.Release|Any CPU.ActiveCfg = Release|Any CPU
		{C500ABCD-A162-437C-8580-E72FD57D3220}.Release|Any CPU.Build.0 = Release|Any CPU
		{3FA960BB-17E9-41B5-AA7A-472EBDE1E4ED}.Debug|Any CPU.ActiveCfg = Debug|Any CPU
		{3FA960BB-17E9-41B5-AA7A-472EBDE1E4ED}.Debug|Any CPU.Build.0 = Debug|Any CPU
		{3FA960BB-17E9-41B5-AA7A-472EBDE1E4ED}.Release|Any CPU.ActiveCfg = Release|Any CPU
		{3FA960BB-17E9-41B5-AA7A-472EBDE1E4ED}.Release|Any CPU.Build.0 = Release|Any CPU
		{EA86AE09-8742-47F1-99AB-E18F5B288963}.Debug|Any CPU.ActiveCfg = Debug|Any CPU
		{EA86AE09-8742-47F1-99AB-E18F5B288963}.Debug|Any CPU.Build.0 = Debug|Any CPU
		{EA86AE09-8742-47F1-99AB-E18F5B288963}.Release|Any CPU.ActiveCfg = Release|Any CPU
		{EA86AE09-8742-47F1-99AB-E18F5B288963}.Release|Any CPU.Build.0 = Release|Any CPU
		{A0C3F8BC-6603-47CF-AE04-95D84AD76CD7}.Debug|Any CPU.ActiveCfg = Debug|Any CPU
		{A0C3F8BC-6603-47CF-AE04-95D84AD76CD7}.Debug|Any CPU.Build.0 = Debug|Any CPU
		{A0C3F8BC-6603-47CF-AE04-95D84AD76CD7}.Release|Any CPU.ActiveCfg = Release|Any CPU
		{A0C3F8BC-6603-47CF-AE04-95D84AD76CD7}.Release|Any CPU.Build.0 = Release|Any CPU
		{DFA1D0F9-02F2-4A54-88ED-198E2240410C}.Debug|Any CPU.ActiveCfg = Debug|Any CPU
		{DFA1D0F9-02F2-4A54-88ED-198E2240410C}.Debug|Any CPU.Build.0 = Debug|Any CPU
		{DFA1D0F9-02F2-4A54-88ED-198E2240410C}.Release|Any CPU.ActiveCfg = Release|Any CPU
		{DFA1D0F9-02F2-4A54-88ED-198E2240410C}.Release|Any CPU.Build.0 = Release|Any CPU
		{9F2AF03A-59E8-42CC-8BE3-F600F05C2738}.Debug|Any CPU.ActiveCfg = Debug|Any CPU
		{9F2AF03A-59E8-42CC-8BE3-F600F05C2738}.Debug|Any CPU.Build.0 = Debug|Any CPU
		{9F2AF03A-59E8-42CC-8BE3-F600F05C2738}.Release|Any CPU.ActiveCfg = Release|Any CPU
		{9F2AF03A-59E8-42CC-8BE3-F600F05C2738}.Release|Any CPU.Build.0 = Release|Any CPU
		{3031E6C0-2B17-4C5E-B7B8-C7510190210F}.Debug|Any CPU.ActiveCfg = Debug|Any CPU
		{3031E6C0-2B17-4C5E-B7B8-C7510190210F}.Debug|Any CPU.Build.0 = Debug|Any CPU
		{3031E6C0-2B17-4C5E-B7B8-C7510190210F}.Release|Any CPU.ActiveCfg = Release|Any CPU
		{3031E6C0-2B17-4C5E-B7B8-C7510190210F}.Release|Any CPU.Build.0 = Release|Any CPU
		{2B100636-0D21-4774-8B1A-BBB0CBCBEC59}.Debug|Any CPU.ActiveCfg = Debug|Any CPU
		{2B100636-0D21-4774-8B1A-BBB0CBCBEC59}.Debug|Any CPU.Build.0 = Debug|Any CPU
		{2B100636-0D21-4774-8B1A-BBB0CBCBEC59}.Release|Any CPU.ActiveCfg = Release|Any CPU
		{2B100636-0D21-4774-8B1A-BBB0CBCBEC59}.Release|Any CPU.Build.0 = Release|Any CPU
		{D08D3D5E-0978-4C2F-BF3F-6921BF8B3DD7}.Debug|Any CPU.ActiveCfg = Debug|Any CPU
		{D08D3D5E-0978-4C2F-BF3F-6921BF8B3DD7}.Debug|Any CPU.Build.0 = Debug|Any CPU
		{D08D3D5E-0978-4C2F-BF3F-6921BF8B3DD7}.Release|Any CPU.ActiveCfg = Release|Any CPU
		{D08D3D5E-0978-4C2F-BF3F-6921BF8B3DD7}.Release|Any CPU.Build.0 = Release|Any CPU
		{C9861335-6CD9-4F8F-B687-0CDE41F8135C}.Debug|Any CPU.ActiveCfg = Debug|Any CPU
		{C9861335-6CD9-4F8F-B687-0CDE41F8135C}.Debug|Any CPU.Build.0 = Debug|Any CPU
		{C9861335-6CD9-4F8F-B687-0CDE41F8135C}.Release|Any CPU.ActiveCfg = Release|Any CPU
		{C9861335-6CD9-4F8F-B687-0CDE41F8135C}.Release|Any CPU.Build.0 = Release|Any CPU
		{A4DB2354-3FD2-4346-B4B8-75D80947FB22}.Debug|Any CPU.ActiveCfg = Debug|Any CPU
		{A4DB2354-3FD2-4346-B4B8-75D80947FB22}.Debug|Any CPU.Build.0 = Debug|Any CPU
		{A4DB2354-3FD2-4346-B4B8-75D80947FB22}.Release|Any CPU.ActiveCfg = Release|Any CPU
		{A4DB2354-3FD2-4346-B4B8-75D80947FB22}.Release|Any CPU.Build.0 = Release|Any CPU
		{65595840-ACA4-4A62-B8B5-E936E8EEC292}.Debug|Any CPU.ActiveCfg = Debug|Any CPU
		{65595840-ACA4-4A62-B8B5-E936E8EEC292}.Debug|Any CPU.Build.0 = Debug|Any CPU
		{65595840-ACA4-4A62-B8B5-E936E8EEC292}.Release|Any CPU.ActiveCfg = Release|Any CPU
		{65595840-ACA4-4A62-B8B5-E936E8EEC292}.Release|Any CPU.Build.0 = Release|Any CPU
		{E903A96C-E98C-4DFE-84F1-2224CFEF76B0}.Debug|Any CPU.ActiveCfg = Debug|Any CPU
		{E903A96C-E98C-4DFE-84F1-2224CFEF76B0}.Debug|Any CPU.Build.0 = Debug|Any CPU
		{E903A96C-E98C-4DFE-84F1-2224CFEF76B0}.Release|Any CPU.ActiveCfg = Release|Any CPU
		{E903A96C-E98C-4DFE-84F1-2224CFEF76B0}.Release|Any CPU.Build.0 = Release|Any CPU
		{937E05C2-1BC1-4BBE-9A17-F7D0404835B7}.Debug|Any CPU.ActiveCfg = Debug|Any CPU
		{937E05C2-1BC1-4BBE-9A17-F7D0404835B7}.Debug|Any CPU.Build.0 = Debug|Any CPU
		{937E05C2-1BC1-4BBE-9A17-F7D0404835B7}.Release|Any CPU.ActiveCfg = Release|Any CPU
		{937E05C2-1BC1-4BBE-9A17-F7D0404835B7}.Release|Any CPU.Build.0 = Release|Any CPU
		{6C8454C2-36BB-4AF0-AE1D-902E4B3AD59F}.Debug|Any CPU.ActiveCfg = Debug|Any CPU
		{6C8454C2-36BB-4AF0-AE1D-902E4B3AD59F}.Debug|Any CPU.Build.0 = Debug|Any CPU
		{6C8454C2-36BB-4AF0-AE1D-902E4B3AD59F}.Release|Any CPU.ActiveCfg = Release|Any CPU
		{6C8454C2-36BB-4AF0-AE1D-902E4B3AD59F}.Release|Any CPU.Build.0 = Release|Any CPU
		{6B8BADF0-15D3-4725-837E-41B1DA00E2D3}.Debug|Any CPU.ActiveCfg = Debug|Any CPU
		{6B8BADF0-15D3-4725-837E-41B1DA00E2D3}.Debug|Any CPU.Build.0 = Debug|Any CPU
		{6B8BADF0-15D3-4725-837E-41B1DA00E2D3}.Release|Any CPU.ActiveCfg = Release|Any CPU
		{6B8BADF0-15D3-4725-837E-41B1DA00E2D3}.Release|Any CPU.Build.0 = Release|Any CPU
	EndGlobalSection
	GlobalSection(NestedProjects) = preSolution
		{DB883562-3CF4-49DE-978A-1980C6B593FF} = {B4C179A1-2FAC-4C53-A2D8-ED34505FD043}
		{3EF6600C-3CC3-422A-B941-A27138BF5868} = {B4C179A1-2FAC-4C53-A2D8-ED34505FD043}
		{037D3D2C-D012-4D15-9906-6D5B68072838} = {B4C179A1-2FAC-4C53-A2D8-ED34505FD043}
		{CDB9BEA0-F0D2-43F8-8B2F-8F386F02F671} = {B4C179A1-2FAC-4C53-A2D8-ED34505FD043}
		{78FE5BDC-9FF1-48A2-89C4-A05CCDAF6212} = {B4C179A1-2FAC-4C53-A2D8-ED34505FD043}
		{9C01DFF8-210E-4F9C-8CEF-A90984760B71} = {B4C179A1-2FAC-4C53-A2D8-ED34505FD043}
		{1B5B0EE4-B3A5-469E-896D-A272C61081EC} = {B4C179A1-2FAC-4C53-A2D8-ED34505FD043}
		{7DE9F526-3472-4890-92DD-640B9B97B30C} = {B4C179A1-2FAC-4C53-A2D8-ED34505FD043}
		{4912CEB5-69AB-4067-85DD-CBEEF9AB6EF7} = {B4C179A1-2FAC-4C53-A2D8-ED34505FD043}
		{FD9E5E29-2F9D-471F-83FC-BCEBA131793D} = {B4C179A1-2FAC-4C53-A2D8-ED34505FD043}
		{C500ABCD-A162-437C-8580-E72FD57D3220} = {B4C179A1-2FAC-4C53-A2D8-ED34505FD043}
		{3FA960BB-17E9-41B5-AA7A-472EBDE1E4ED} = {B4C179A1-2FAC-4C53-A2D8-ED34505FD043}
		{91F29A2F-9E26-41C6-B903-8D9537644895} = {B4C179A1-2FAC-4C53-A2D8-ED34505FD043}
		{EA86AE09-8742-47F1-99AB-E18F5B288963} = {91F29A2F-9E26-41C6-B903-8D9537644895}
		{A0C3F8BC-6603-47CF-AE04-95D84AD76CD7} = {91F29A2F-9E26-41C6-B903-8D9537644895}
		{DFA1D0F9-02F2-4A54-88ED-198E2240410C} = {91F29A2F-9E26-41C6-B903-8D9537644895}
		{B39C70F2-D18D-47D9-B626-F93148909BBD} = {B4C179A1-2FAC-4C53-A2D8-ED34505FD043}
		{9F2AF03A-59E8-42CC-8BE3-F600F05C2738} = {B39C70F2-D18D-47D9-B626-F93148909BBD}
		{3031E6C0-2B17-4C5E-B7B8-C7510190210F} = {B39C70F2-D18D-47D9-B626-F93148909BBD}
		{2B100636-0D21-4774-8B1A-BBB0CBCBEC59} = {B39C70F2-D18D-47D9-B626-F93148909BBD}
		{D08D3D5E-0978-4C2F-BF3F-6921BF8B3DD7} = {B4C179A1-2FAC-4C53-A2D8-ED34505FD043}
		{794013E6-7126-4B94-84E1-C1D066C979F6} = {B4C179A1-2FAC-4C53-A2D8-ED34505FD043}
		{C9861335-6CD9-4F8F-B687-0CDE41F8135C} = {794013E6-7126-4B94-84E1-C1D066C979F6}
		{A4DB2354-3FD2-4346-B4B8-75D80947FB22} = {794013E6-7126-4B94-84E1-C1D066C979F6}
		{65595840-ACA4-4A62-B8B5-E936E8EEC292} = {794013E6-7126-4B94-84E1-C1D066C979F6}
		{E903A96C-E98C-4DFE-84F1-2224CFEF76B0} = {B4C179A1-2FAC-4C53-A2D8-ED34505FD043}
		{937E05C2-1BC1-4BBE-9A17-F7D0404835B7} = {B4C179A1-2FAC-4C53-A2D8-ED34505FD043}
		{6C8454C2-36BB-4AF0-AE1D-902E4B3AD59F} = {B4C179A1-2FAC-4C53-A2D8-ED34505FD043}
		{36E1CE10-F8AB-4D49-8184-8975810EBBB0} = {B4C179A1-2FAC-4C53-A2D8-ED34505FD043}
		{9868DC99-BCCA-411F-84E2-3C977CA692F9} = {36E1CE10-F8AB-4D49-8184-8975810EBBB0}
		{6B8BADF0-15D3-4725-837E-41B1DA00E2D3} = {36E1CE10-F8AB-4D49-8184-8975810EBBB0}
	EndGlobalSection
EndGlobal
