
Microsoft Visual Studio Solution File, Format Version 12.00
# Visual Studio Version 16
VisualStudioVersion = 16.0.31702.278
MinimumVisualStudioVersion = 10.0.40219.1
Project("{FAE04EC0-301F-11D3-BF4B-00C04F79EFBC}") = "SRP", "patterns\SRP\SRP.csproj", "{C2F3753F-DCA3-4CAA-857A-0A70AF078D2B}"
EndProject
Project("{FAE04EC0-301F-11D3-BF4B-00C04F79EFBC}") = "OCP", "patterns\OCP\OCP.csproj", "{34A7A7BB-E594-46AA-9307-C74D493D2A31}"
EndProject
Global
	GlobalSection(SolutionConfigurationPlatforms) = preSolution
		Debug|Any CPU = Debug|Any CPU
		Release|Any CPU = Release|Any CPU
	EndGlobalSection
	GlobalSection(ProjectConfigurationPlatforms) = postSolution
		{C2F3753F-DCA3-4CAA-857A-0A70AF078D2B}.Debug|Any CPU.ActiveCfg = Debug|Any CPU
		{C2F3753F-DCA3-4CAA-857A-0A70AF078D2B}.Debug|Any CPU.Build.0 = Debug|Any CPU
		{C2F3753F-DCA3-4CAA-857A-0A70AF078D2B}.Release|Any CPU.ActiveCfg = Release|Any CPU
		{C2F3753F-DCA3-4CAA-857A-0A70AF078D2B}.Release|Any CPU.Build.0 = Release|Any CPU
		{34A7A7BB-E594-46AA-9307-C74D493D2A31}.Debug|Any CPU.ActiveCfg = Debug|Any CPU
		{34A7A7BB-E594-46AA-9307-C74D493D2A31}.Debug|Any CPU.Build.0 = Debug|Any CPU
		{34A7A7BB-E594-46AA-9307-C74D493D2A31}.Release|Any CPU.ActiveCfg = Release|Any CPU
		{34A7A7BB-E594-46AA-9307-C74D493D2A31}.Release|Any CPU.Build.0 = Release|Any CPU
	EndGlobalSection
	GlobalSection(SolutionProperties) = preSolution
		HideSolutionNode = FALSE
	EndGlobalSection
	GlobalSection(ExtensibilityGlobals) = postSolution
		SolutionGuid = {8170713A-59E8-44B3-98DF-23AA20190076}
	EndGlobalSection
EndGlobal
