
Microsoft Visual Studio Solution File, Format Version 12.00
Project("{FAE04EC0-301F-11D3-BF4B-00C04F79EFBC}") = "Composite", "Composite\Composite.csproj", "{D8956EEA-4BD9-43F3-B813-E52AC65EA54C}"
EndProject
Project("{FAE04EC0-301F-11D3-BF4B-00C04F79EFBC}") = "Composite.Exercise", "Composite.Exercise\Composite.Exercise.csproj", "{052D0B53-D84F-4769-B0E4-C744AE52CB6B}"
EndProject
Global
	GlobalSection(SolutionConfigurationPlatforms) = preSolution
		Debug|Any CPU = Debug|Any CPU
		Release|Any CPU = Release|Any CPU
	EndGlobalSection
	GlobalSection(ProjectConfigurationPlatforms) = postSolution
		{D8956EEA-4BD9-43F3-B813-E52AC65EA54C}.Debug|Any CPU.ActiveCfg = Debug|Any CPU
		{D8956EEA-4BD9-43F3-B813-E52AC65EA54C}.Debug|Any CPU.Build.0 = Debug|Any CPU
		{D8956EEA-4BD9-43F3-B813-E52AC65EA54C}.Release|Any CPU.ActiveCfg = Release|Any CPU
		{D8956EEA-4BD9-43F3-B813-E52AC65EA54C}.Release|Any CPU.Build.0 = Release|Any CPU
		{052D0B53-D84F-4769-B0E4-C744AE52CB6B}.Debug|Any CPU.ActiveCfg = Debug|Any CPU
		{052D0B53-D84F-4769-B0E4-C744AE52CB6B}.Debug|Any CPU.Build.0 = Debug|Any CPU
		{052D0B53-D84F-4769-B0E4-C744AE52CB6B}.Release|Any CPU.ActiveCfg = Release|Any CPU
		{052D0B53-D84F-4769-B0E4-C744AE52CB6B}.Release|Any CPU.Build.0 = Release|Any CPU
	EndGlobalSection
EndGlobal
