
Microsoft Visual Studio Solution File, Format Version 12.00
Project("{FAE04EC0-301F-11D3-BF4B-00C04F79EFBC}") = "Prototype", "Prototype\Prototype.csproj", "{7A574010-4C75-4BAC-8DDA-924C941E56CD}"
EndProject
Global
	GlobalSection(SolutionConfigurationPlatforms) = preSolution
		Debug|Any CPU = Debug|Any CPU
		Release|Any CPU = Release|Any CPU
	EndGlobalSection
	GlobalSection(ProjectConfigurationPlatforms) = postSolution
		{7A574010-4C75-4BAC-8DDA-924C941E56CD}.Debug|Any CPU.ActiveCfg = Debug|Any CPU
		{7A574010-4C75-4BAC-8DDA-924C941E56CD}.Debug|Any CPU.Build.0 = Debug|Any CPU
		{7A574010-4C75-4BAC-8DDA-924C941E56CD}.Release|Any CPU.ActiveCfg = Release|Any CPU
		{7A574010-4C75-4BAC-8DDA-924C941E56CD}.Release|Any CPU.Build.0 = Release|Any CPU
	EndGlobalSection
EndGlobal
